
Microsoft Visual Studio Solution File, Format Version 12.00
# Visual Studio 14
VisualStudioVersion = 14.0.25420.1
MinimumVisualStudioVersion = 10.0.40219.1
Project("{2150E333-8FDC-42A3-9474-1A3956D46DE8}") = "src", "src", "{A2F1D730-0260-4D12-8E9C-C868F4D8DC4E}"
EndProject
Project("{2150E333-8FDC-42A3-9474-1A3956D46DE8}") = "Solution Items", "Solution Items", "{A806BFD3-76DB-4BEC-A816-AE140F5B15FB}"
	ProjectSection(SolutionItems) = preProject
		global.json = global.json
	EndProjectSection
EndProject
Project("{8BB2217D-0F2D-49D1-97BC-3654ED321F3B}") = "HerbalDrugstore", "src\HerbalDrugstore\HerbalDrugstore.xproj", "{6AC2F349-9B8C-4A90-B2B6-26BA02066770}"
EndProject
Global
	GlobalSection(SolutionConfigurationPlatforms) = preSolution
		Debug|Any CPU = Debug|Any CPU
		Release|Any CPU = Release|Any CPU
	EndGlobalSection
	GlobalSection(ProjectConfigurationPlatforms) = postSolution
		{6AC2F349-9B8C-4A90-B2B6-26BA02066770}.Debug|Any CPU.ActiveCfg = Debug|Any CPU
		{6AC2F349-9B8C-4A90-B2B6-26BA02066770}.Debug|Any CPU.Build.0 = Debug|Any CPU
		{6AC2F349-9B8C-4A90-B2B6-26BA02066770}.Release|Any CPU.ActiveCfg = Release|Any CPU
		{6AC2F349-9B8C-4A90-B2B6-26BA02066770}.Release|Any CPU.Build.0 = Release|Any CPU
	EndGlobalSection
	GlobalSection(SolutionProperties) = preSolution
		HideSolutionNode = FALSE
	EndGlobalSection
	GlobalSection(NestedProjects) = preSolution
		{6AC2F349-9B8C-4A90-B2B6-26BA02066770} = {A2F1D730-0260-4D12-8E9C-C868F4D8DC4E}
	EndGlobalSection
EndGlobal
